# @generated by Move, please check-in and do not edit manually.

[move]
version = 3
manifest_digest = "B7084D7A6A480882ACC874ABF9506791AD1A99AA9A5ED4D1C3D4B045A417F36D"
deps_digest = "F8BBB0CCB2491CA29A3DF03D6F92277A4F3574266507ACD77214D37ECA3F3082"
dependencies = [
  { id = "Iota", name = "Iota" },
]

[[move.package]]
id = "Iota"
source = { git = "https://github.com/iotaledger/iota.git", rev = "devnet", subdir = "crates/iota-framework/packages/iota-framework" }

dependencies = [
  { id = "MoveStdlib", name = "MoveStdlib" },
]

[[move.package]]
id = "MoveStdlib"
source = { git = "https://github.com/iotaledger/iota.git", rev = "devnet", subdir = "crates/iota-framework/packages/move-stdlib" }

[move.toolchain-version]
compiler-version = "1.12.0-rc"
edition = "2024"
flavor = "iota"

[env]

[env.testnet]
chain-id = "2304aa97"
original-published-id = "0x1b1c01b29d7da78d28baf5a3b8317c0384a1b3450603344b89cb7d3e9a90872a"
latest-published-id = "0x1b1c01b29d7da78d28baf5a3b8317c0384a1b3450603344b89cb7d3e9a90872a"
published-version = "1"

[env.devnet]
chain-id = "e678123a"
original-published-id = "0x07f7d000c0edd43232395a19b38425d7ec1bcc9b929b3b7ad6ad0d694b441116"
latest-published-id = "0x07f7d000c0edd43232395a19b38425d7ec1bcc9b929b3b7ad6ad0d694b441116"
published-version = "1"

